{
  "name": "glimpseui",
  "version": "0.8.1",
  "lockfileVersion": 3,
  "requires": true,
  "packages": {
    "": {
      "name": "glimpseui",
      "version": "0.8.1",
      "hasInstallScript": true,
      "license": "MIT",
      "os": [
        "darwin",
        "linux",
        "win32"
      ],
      "bin": {
        "glimpseui": "bin/glimpse.mjs"
      },
      "engines": {
        "node": ">=18"
      }
    }
  }
}
